// !$*UTF8*$!
{
	archiveVersion = 1;
	classes = {
	};
	objectVersion = 50;
	objects = {

/* Begin PBXBuildFile section */
		D3B8DF352651901D00032B28 /* AppDelegate.swift in Sources */ = {isa = PBXBuildFile; fileRef = D3B8DF342651901D00032B28 /* AppDelegate.swift */; };
		D3B8DF372651901D00032B28 /* SceneDelegate.swift in Sources */ = {isa = PBXBuildFile; fileRef = D3B8DF362651901D00032B28 /* SceneDelegate.swift */; };
		D3B8DF392651901D00032B28 /* ViewController.swift in Sources */ = {isa = PBXBuildFile; fileRef = D3B8DF382651901D00032B28 /* ViewController.swift */; };
		D3B8DF3C2651901D00032B28 /* Main.storyboard in Resources */ = {isa = PBXBuildFile; fileRef = D3B8DF3A2651901D00032B28 /* Main.storyboard */; };
		D3B8DF3F2651901D00032B28 /* GitHub_Pairs_Test.xcdatamodeld in Sources */ = {isa = PBXBuildFile; fileRef = D3B8DF3D2651901D00032B28 /* GitHub_Pairs_Test.xcdatamodeld */; };
		D3B8DF412651901E00032B28 /* Assets.xcassets in Resources */ = {isa = PBXBuildFile; fileRef = D3B8DF402651901E00032B28 /* Assets.xcassets */; };
		D3B8DF442651901E00032B28 /* LaunchScreen.storyboard in Resources */ = {isa = PBXBuildFile; fileRef = D3B8DF422651901E00032B28 /* LaunchScreen.storyboard */; };
		D3B8DF4F2651901E00032B28 /* GitHub_Pairs_TestTests.swift in Sources */ = {isa = PBXBuildFile; fileRef = D3B8DF4E2651901E00032B28 /* GitHub_Pairs_TestTests.swift */; };
		D3B8DF5A2651901E00032B28 /* GitHub_Pairs_TestUITests.swift in Sources */ = {isa = PBXBuildFile; fileRef = D3B8DF592651901E00032B28 /* GitHub_Pairs_TestUITests.swift */; };
/* End PBXBuildFile section */

/* Begin PBXContainerItemProxy section */
		D3B8DF4B2651901E00032B28 /* PBXContainerItemProxy */ = {
			isa = PBXContainerItemProxy;
			containerPortal = D3B8DF292651901D00032B28 /* Project object */;
			proxyType = 1;
			remoteGlobalIDString = D3B8DF302651901D00032B28;
			remoteInfo = "GitHub Pairs Test";
		};
		D3B8DF562651901E00032B28 /* PBXContainerItemProxy */ = {
			isa = PBXContainerItemProxy;
			containerPortal = D3B8DF292651901D00032B28 /* Project object */;
			proxyType = 1;
			remoteGlobalIDString = D3B8DF302651901D00032B28;
			remoteInfo = "GitHub Pairs Test";
		};
/* End PBXContainerItemProxy section */

/* Begin PBXFileReference section */
		D3B8DF312651901D00032B28 /* GitHub Pairs Test.app */ = {isa = PBXFileReference; explicitFileType = wrapper.application; includeInIndex = 0; path = "GitHub Pairs Test.app"; sourceTree = BUILT_PRODUCTS_DIR; };
		D3B8DF342651901D00032B28 /* AppDelegate.swift */ = {isa = PBXFileReference; lastKnownFileType = sourcecode.swift; path = AppDelegate.swift; sourceTree = "<group>"; };
		D3B8DF362651901D00032B28 /* SceneDelegate.swift */ = {isa = PBXFileReference; lastKnownFileType = sourcecode.swift; path = SceneDelegate.swift; sourceTree = "<group>"; };
		D3B8DF382651901D00032B28 /* ViewController.swift */ = {isa = PBXFileReference; lastKnownFileType = sourcecode.swift; path = ViewController.swift; sourceTree = "<group>"; };
		D3B8DF3B2651901D00032B28 /* Base */ = {isa = PBXFileReference; lastKnownFileType = file.storyboard; name = Base; path = Base.lproj/Main.storyboard; sourceTree = "<group>"; };
		D3B8DF3E2651901D00032B28 /* GitHub_Pairs_Test.xcdatamodel */ = {isa = PBXFileReference; lastKnownFileType = wrapper.xcdatamodel; path = GitHub_Pairs_Test.xcdatamodel; sourceTree = "<group>"; };
		D3B8DF402651901E00032B28 /* Assets.xcassets */ = {isa = PBXFileReference; lastKnownFileType = folder.assetcatalog; path = Assets.xcassets; sourceTree = "<group>"; };
		D3B8DF432651901E00032B28 /* Base */ = {isa = PBXFileReference; lastKnownFileType = file.storyboard; name = Base; path = Base.lproj/LaunchScreen.storyboard; sourceTree = "<group>"; };
		D3B8DF452651901E00032B28 /* Info.plist */ = {isa = PBXFileReference; lastKnownFileType = text.plist.xml; path = Info.plist; sourceTree = "<group>"; };
		D3B8DF4A2651901E00032B28 /* GitHub Pairs TestTests.xctest */ = {isa = PBXFileReference; explicitFileType = wrapper.cfbundle; includeInIndex = 0; path = "GitHub Pairs TestTests.xctest"; sourceTree = BUILT_PRODUCTS_DIR; };
		D3B8DF4E2651901E00032B28 /* GitHub_Pairs_TestTests.swift */ = {isa = PBXFileReference; lastKnownFileType = sourcecode.swift; path = GitHub_Pairs_TestTests.swift; sourceTree = "<group>"; };
		D3B8DF502651901E00032B28 /* Info.plist */ = {isa = PBXFileReference; lastKnownFileType = text.plist.xml; path = Info.plist; sourceTree = "<group>"; };
		D3B8DF552651901E00032B28 /* GitHub Pairs TestUITests.xctest */ = {isa = PBXFileReference; explicitFileType = wrapper.cfbundle; includeInIndex = 0; path = "GitHub Pairs TestUITests.xctest"; sourceTree = BUILT_PRODUCTS_DIR; };
		D3B8DF592651901E00032B28 /* GitHub_Pairs_TestUITests.swift */ = {isa = PBXFileReference; lastKnownFileType = sourcecode.swift; path = GitHub_Pairs_TestUITests.swift; sourceTree = "<group>"; };
		D3B8DF5B2651901E00032B28 /* Info.plist */ = {isa = PBXFileReference; lastKnownFileType = text.plist.xml; path = Info.plist; sourceTree = "<group>"; };
/* End PBXFileReference section */

/* Begin PBXFrameworksBuildPhase section */
		D3B8DF2E2651901D00032B28 /* Frameworks */ = {
			isa = PBXFrameworksBuildPhase;
			buildActionMask = 2147483647;
			files = (
			);
			runOnlyForDeploymentPostprocessing = 0;
		};
		D3B8DF472651901E00032B28 /* Frameworks */ = {
			isa = PBXFrameworksBuildPhase;
			buildActionMask = 2147483647;
			files = (
			);
			runOnlyForDeploymentPostprocessing = 0;
		};
		D3B8DF522651901E00032B28 /* Frameworks */ = {
			isa = PBXFrameworksBuildPhase;
			buildActionMask = 2147483647;
			files = (
			);
			runOnlyForDeploymentPostprocessing = 0;
		};
/* End PBXFrameworksBuildPhase section */

/* Begin PBXGroup section */
		D3B8DF282651901D00032B28 = {
			isa = PBXGroup;
			children = (
				D3B8DF332651901D00032B28 /* GitHub Pairs Test */,
				D3B8DF4D2651901E00032B28 /* GitHub Pairs TestTests */,
				D3B8DF582651901E00032B28 /* GitHub Pairs TestUITests */,
				D3B8DF322651901D00032B28 /* Products */,
			);
			sourceTree = "<group>";
		};
		D3B8DF322651901D00032B28 /* Products */ = {
			isa = PBXGroup;
			children = (
				D3B8DF312651901D00032B28 /* GitHub Pairs Test.app */,
				D3B8DF4A2651901E00032B28 /* GitHub Pairs TestTests.xctest */,
				D3B8DF552651901E00032B28 /* GitHub Pairs TestUITests.xctest */,
			);
			name = Products;
			sourceTree = "<group>";
		};
		D3B8DF332651901D00032B28 /* GitHub Pairs Test */ = {
			isa = PBXGroup;
			children = (
				D3B8DF342651901D00032B28 /* AppDelegate.swift */,
				D3B8DF362651901D00032B28 /* SceneDelegate.swift */,
				D3B8DF382651901D00032B28 /* ViewController.swift */,
				D3B8DF3A2651901D00032B28 /* Main.storyboard */,
				D3B8DF402651901E00032B28 /* Assets.xcassets */,
				D3B8DF422651901E00032B28 /* LaunchScreen.storyboard */,
				D3B8DF452651901E00032B28 /* Info.plist */,
				D3B8DF3D2651901D00032B28 /* GitHub_Pairs_Test.xcdatamodeld */,
			);
			path = "GitHub Pairs Test";
			sourceTree = "<group>";
		};
		D3B8DF4D2651901E00032B28 /* GitHub Pairs TestTests */ = {
			isa = PBXGroup;
			children = (
				D3B8DF4E2651901E00032B28 /* GitHub_Pairs_TestTests.swift */,
				D3B8DF502651901E00032B28 /* Info.plist */,
			);
			path = "GitHub Pairs TestTests";
			sourceTree = "<group>";
		};
		D3B8DF582651901E00032B28 /* GitHub Pairs TestUITests */ = {
			isa = PBXGroup;
			children = (
				D3B8DF592651901E00032B28 /* GitHub_Pairs_TestUITests.swift */,
				D3B8DF5B2651901E00032B28 /* Info.plist */,
			);
			path = "GitHub Pairs TestUITests";
			sourceTree = "<group>";
		};
/* End PBXGroup section */

/* Begin PBXNativeTarget section */
		D3B8DF302651901D00032B28 /* GitHub Pairs Test */ = {
			isa = PBXNativeTarget;
			buildConfigurationList = D3B8DF5E2651901E00032B28 /* Build configuration list for PBXNativeTarget "GitHub Pairs Test" */;
			buildPhases = (
				D3B8DF2D2651901D00032B28 /* Sources */,
				D3B8DF2E2651901D00032B28 /* Frameworks */,
				D3B8DF2F2651901D00032B28 /* Resources */,
			);
			buildRules = (
			);
			dependencies = (
			);
			name = "GitHub Pairs Test";
			productName = "GitHub Pairs Test";
			productReference = D3B8DF312651901D00032B28 /* GitHub Pairs Test.app */;
			productType = "com.apple.product-type.application";
		};
		D3B8DF492651901E00032B28 /* GitHub Pairs TestTests */ = {
			isa = PBXNativeTarget;
			buildConfigurationList = D3B8DF612651901E00032B28 /* Build configuration list for PBXNativeTarget "GitHub Pairs TestTests" */;
			buildPhases = (
				D3B8DF462651901E00032B28 /* Sources */,
				D3B8DF472651901E00032B28 /* Frameworks */,
				D3B8DF482651901E00032B28 /* Resources */,
			);
			buildRules = (
			);
			dependencies = (
				D3B8DF4C2651901E00032B28 /* PBXTargetDependency */,
			);
			name = "GitHub Pairs TestTests";
			productName = "GitHub Pairs TestTests";
			productReference = D3B8DF4A2651901E00032B28 /* GitHub Pairs TestTests.xctest */;
			productType = "com.apple.product-type.bundle.unit-test";
		};
		D3B8DF542651901E00032B28 /* GitHub Pairs TestUITests */ = {
			isa = PBXNativeTarget;
			buildConfigurationList = D3B8DF642651901E00032B28 /* Build configuration list for PBXNativeTarget "GitHub Pairs TestUITests" */;
			buildPhases = (
				D3B8DF512651901E00032B28 /* Sources */,
				D3B8DF522651901E00032B28 /* Frameworks */,
				D3B8DF532651901E00032B28 /* Resources */,
			);
			buildRules = (
			);
			dependencies = (
				D3B8DF572651901E00032B28 /* PBXTargetDependency */,
			);
			name = "GitHub Pairs TestUITests";
			productName = "GitHub Pairs TestUITests";
			productReference = D3B8DF552651901E00032B28 /* GitHub Pairs TestUITests.xctest */;
			productType = "com.apple.product-type.bundle.ui-testing";
		};
/* End PBXNativeTarget section */

/* Begin PBXProject section */
		D3B8DF292651901D00032B28 /* Project object */ = {
			isa = PBXProject;
			attributes = {
				LastSwiftUpdateCheck = 1250;
				LastUpgradeCheck = 1250;
				TargetAttributes = {
					D3B8DF302651901D00032B28 = {
						CreatedOnToolsVersion = 12.5;
					};
					D3B8DF492651901E00032B28 = {
						CreatedOnToolsVersion = 12.5;
						TestTargetID = D3B8DF302651901D00032B28;
					};
					D3B8DF542651901E00032B28 = {
						CreatedOnToolsVersion = 12.5;
						TestTargetID = D3B8DF302651901D00032B28;
					};
				};
			};
			buildConfigurationList = D3B8DF2C2651901D00032B28 /* Build configuration list for PBXProject "GitHub Pairs Test" */;
			compatibilityVersion = "Xcode 9.3";
			developmentRegion = en;
			hasScannedForEncodings = 0;
			knownRegions = (
				en,
				Base,
			);
			mainGroup = D3B8DF282651901D00032B28;
			productRefGroup = D3B8DF322651901D00032B28 /* Products */;
			projectDirPath = "";
			projectRoot = "";
			targets = (
				D3B8DF302651901D00032B28 /* GitHub Pairs Test */,
				D3B8DF492651901E00032B28 /* GitHub Pairs TestTests */,
				D3B8DF542651901E00032B28 /* GitHub Pairs TestUITests */,
			);
		};
/* End PBXProject section */

/* Begin PBXResourcesBuildPhase section */
		D3B8DF2F2651901D00032B28 /* Resources */ = {
			isa = PBXResourcesBuildPhase;
			buildActionMask = 2147483647;
			files = (
				D3B8DF442651901E00032B28 /* LaunchScreen.storyboard in Resources */,
				D3B8DF412651901E00032B28 /* Assets.xcassets in Resources */,
				D3B8DF3C2651901D00032B28 /* Main.storyboard in Resources */,
			);
			runOnlyForDeploymentPostprocessing = 0;
		};
		D3B8DF482651901E00032B28 /* Resources */ = {
			isa = PBXResourcesBuildPhase;
			buildActionMask = 2147483647;
			files = (
			);
			runOnlyForDeploymentPostprocessing = 0;
		};
		D3B8DF532651901E00032B28 /* Resources */ = {
			isa = PBXResourcesBuildPhase;
			buildActionMask = 2147483647;
			files = (
			);
			runOnlyForDeploymentPostprocessing = 0;
		};
/* End PBXResourcesBuildPhase section */

/* Begin PBXSourcesBuildPhase section */
		D3B8DF2D2651901D00032B28 /* Sources */ = {
			isa = PBXSourcesBuildPhase;
			buildActionMask = 2147483647;
			files = (
				D3B8DF392651901D00032B28 /* ViewController.swift in Sources */,
				D3B8DF352651901D00032B28 /* AppDelegate.swift in Sources */,
				D3B8DF3F2651901D00032B28 /* GitHub_Pairs_Test.xcdatamodeld in Sources */,
				D3B8DF372651901D00032B28 /* SceneDelegate.swift in Sources */,
			);
			runOnlyForDeploymentPostprocessing = 0;
		};
		D3B8DF462651901E00032B28 /* Sources */ = {
			isa = PBXSourcesBuildPhase;
			buildActionMask = 2147483647;
			files = (
				D3B8DF4F2651901E00032B28 /* GitHub_Pairs_TestTests.swift in Sources */,
			);
			runOnlyForDeploymentPostprocessing = 0;
		};
		D3B8DF512651901E00032B28 /* Sources */ = {
			isa = PBXSourcesBuildPhase;
			buildActionMask = 2147483647;
			files = (
				D3B8DF5A2651901E00032B28 /* GitHub_Pairs_TestUITests.swift in Sources */,
			);
			runOnlyForDeploymentPostprocessing = 0;
		};
/* End PBXSourcesBuildPhase section */

/* Begin PBXTargetDependency section */
		D3B8DF4C2651901E00032B28 /* PBXTargetDependency */ = {
			isa = PBXTargetDependency;
			target = D3B8DF302651901D00032B28 /* GitHub Pairs Test */;
			targetProxy = D3B8DF4B2651901E00032B28 /* PBXContainerItemProxy */;
		};
		D3B8DF572651901E00032B28 /* PBXTargetDependency */ = {
			isa = PBXTargetDependency;
			target = D3B8DF302651901D00032B28 /* GitHub Pairs Test */;
			targetProxy = D3B8DF562651901E00032B28 /* PBXContainerItemProxy */;
		};
/* End PBXTargetDependency section */

/* Begin PBXVariantGroup section */
		D3B8DF3A2651901D00032B28 /* Main.storyboard */ = {
			isa = PBXVariantGroup;
			children = (
				D3B8DF3B2651901D00032B28 /* Base */,
			);
			name = Main.storyboard;
			sourceTree = "<group>";
		};
		D3B8DF422651901E00032B28 /* LaunchScreen.storyboard */ = {
			isa = PBXVariantGroup;
			children = (
				D3B8DF432651901E00032B28 /* Base */,
			);
			name = LaunchScreen.storyboard;
			sourceTree = "<group>";
		};
/* End PBXVariantGroup section */

/* Begin XCBuildConfiguration section */
		D3B8DF5C2651901E00032B28 /* Debug */ = {
			isa = XCBuildConfiguration;
			buildSettings = {
				ALWAYS_SEARCH_USER_PATHS = NO;
				CLANG_ANALYZER_NONNULL = YES;
				CLANG_ANALYZER_NUMBER_OBJECT_CONVERSION = YES_AGGRESSIVE;
				CLANG_CXX_LANGUAGE_STANDARD = "gnu++14";
				CLANG_CXX_LIBRARY = "libc++";
				CLANG_ENABLE_MODULES = YES;
				CLANG_ENABLE_OBJC_ARC = YES;
				CLANG_ENABLE_OBJC_WEAK = YES;
				CLANG_WARN_BLOCK_CAPTURE_AUTORELEASING = YES;
				CLANG_WARN_BOOL_CONVERSION = YES;
				CLANG_WARN_COMMA = YES;
				CLANG_WARN_CONSTANT_CONVERSION = YES;
				CLANG_WARN_DEPRECATED_OBJC_IMPLEMENTATIONS = YES;
				CLANG_WARN_DIRECT_OBJC_ISA_USAGE = YES_ERROR;
				CLANG_WARN_DOCUMENTATION_COMMENTS = YES;
				CLANG_WARN_EMPTY_BODY = YES;
				CLANG_WARN_ENUM_CONVERSION = YES;
				CLANG_WARN_INFINITE_RECURSION = YES;
				CLANG_WARN_INT_CONVERSION = YES;
				CLANG_WARN_NON_LITERAL_NULL_CONVERSION = YES;
				CLANG_WARN_OBJC_IMPLICIT_RETAIN_SELF = YES;
				CLANG_WARN_OBJC_LITERAL_CONVERSION = YES;
				CLANG_WARN_OBJC_ROOT_CLASS = YES_ERROR;
				CLANG_WARN_QUOTED_INCLUDE_IN_FRAMEWORK_HEADER = YES;
				CLANG_WARN_RANGE_LOOP_ANALYSIS = YES;
				CLANG_WARN_STRICT_PROTOTYPES = YES;
				CLANG_WARN_SUSPICIOUS_MOVE = YES;
				CLANG_WARN_UNGUARDED_AVAILABILITY = YES_AGGRESSIVE;
				CLANG_WARN_UNREACHABLE_CODE = YES;
				CLANG_WARN__DUPLICATE_METHOD_MATCH = YES;
				COPY_PHASE_STRIP = NO;
				DEBUG_INFORMATION_FORMAT = dwarf;
				ENABLE_STRICT_OBJC_MSGSEND = YES;
				ENABLE_TESTABILITY = YES;
				GCC_C_LANGUAGE_STANDARD = gnu11;
				GCC_DYNAMIC_NO_PIC = NO;
				GCC_NO_COMMON_BLOCKS = YES;
				GCC_OPTIMIZATION_LEVEL = 0;
				GCC_PREPROCESSOR_DEFINITIONS = (
					"DEBUG=1",
					"$(inherited)",
				);
				GCC_WARN_64_TO_32_BIT_CONVERSION = YES;
				GCC_WARN_ABOUT_RETURN_TYPE = YES_ERROR;
				GCC_WARN_UNDECLARED_SELECTOR = YES;
				GCC_WARN_UNINITIALIZED_AUTOS = YES_AGGRESSIVE;
				GCC_WARN_UNUSED_FUNCTION = YES;
				GCC_WARN_UNUSED_VARIABLE = YES;
				IPHONEOS_DEPLOYMENT_TARGET = 14.5;
				MTL_ENABLE_DEBUG_INFO = INCLUDE_SOURCE;
				MTL_FAST_MATH = YES;
				ONLY_ACTIVE_ARCH = YES;
				SDKROOT = iphoneos;
				SWIFT_ACTIVE_COMPILATION_CONDITIONS = DEBUG;
				SWIFT_OPTIMIZATION_LEVEL = "-Onone";
			};
			name = Debug;
		};
		D3B8DF5D2651901E00032B28 /* Release */ = {
			isa = XCBuildConfiguration;
			buildSettings = {
				ALWAYS_SEARCH_USER_PATHS = NO;
				CLANG_ANALYZER_NONNULL = YES;
				CLANG_ANALYZER_NUMBER_OBJECT_CONVERSION = YES_AGGRESSIVE;
				CLANG_CXX_LANGUAGE_STANDARD = "gnu++14";
				CLANG_CXX_LIBRARY = "libc++";
				CLANG_ENABLE_MODULES = YES;
				CLANG_ENABLE_OBJC_ARC = YES;
				CLANG_ENABLE_OBJC_WEAK = YES;
				CLANG_WARN_BLOCK_CAPTURE_AUTORELEASING = YES;
				CLANG_WARN_BOOL_CONVERSION = YES;
				CLANG_WARN_COMMA = YES;
				CLANG_WARN_CONSTANT_CONVERSION = YES;
				CLANG_WARN_DEPRECATED_OBJC_IMPLEMENTATIONS = YES;
				CLANG_WARN_DIRECT_OBJC_ISA_USAGE = YES_ERROR;
				CLANG_WARN_DOCUMENTATION_COMMENTS = YES;
				CLANG_WARN_EMPTY_BODY = YES;
				CLANG_WARN_ENUM_CONVERSION = YES;
				CLANG_WARN_INFINITE_RECURSION = YES;
				CLANG_WARN_INT_CONVERSION = YES;
				CLANG_WARN_NON_LITERAL_NULL_CONVERSION = YES;
				CLANG_WARN_OBJC_IMPLICIT_RETAIN_SELF = YES;
				CLANG_WARN_OBJC_LITERAL_CONVERSION = YES;
				CLANG_WARN_OBJC_ROOT_CLASS = YES_ERROR;
				CLANG_WARN_QUOTED_INCLUDE_IN_FRAMEWORK_HEADER = YES;
				CLANG_WARN_RANGE_LOOP_ANALYSIS = YES;
				CLANG_WARN_STRICT_PROTOTYPES = YES;
				CLANG_WARN_SUSPICIOUS_MOVE = YES;
				CLANG_WARN_UNGUARDED_AVAILABILITY = YES_AGGRESSIVE;
				CLANG_WARN_UNREACHABLE_CODE = YES;
				CLANG_WARN__DUPLICATE_METHOD_MATCH = YES;
				COPY_PHASE_STRIP = NO;
				DEBUG_INFORMATION_FORMAT = "dwarf-with-dsym";
				ENABLE_NS_ASSERTIONS = NO;
				ENABLE_STRICT_OBJC_MSGSEND = YES;
				GCC_C_LANGUAGE_STANDARD = gnu11;
				GCC_NO_COMMON_BLOCKS = YES;
				GCC_WARN_64_TO_32_BIT_CONVERSION = YES;
				GCC_WARN_ABOUT_RETURN_TYPE = YES_ERROR;
				GCC_WARN_UNDECLARED_SELECTOR = YES;
				GCC_WARN_UNINITIALIZED_AUTOS = YES_AGGRESSIVE;
				GCC_WARN_UNUSED_FUNCTION = YES;
				GCC_WARN_UNUSED_VARIABLE = YES;
				IPHONEOS_DEPLOYMENT_TARGET = 14.5;
				MTL_ENABLE_DEBUG_INFO = NO;
				MTL_FAST_MATH = YES;
				SDKROOT = iphoneos;
				SWIFT_COMPILATION_MODE = wholemodule;
				SWIFT_OPTIMIZATION_LEVEL = "-O";
				VALIDATE_PRODUCT = YES;
			};
			name = Release;
		};
		D3B8DF5F2651901E00032B28 /* Debug */ = {
			isa = XCBuildConfiguration;
			buildSettings = {
				ASSETCATALOG_COMPILER_APPICON_NAME = AppIcon;
				ASSETCATALOG_COMPILER_GLOBAL_ACCENT_COLOR_NAME = AccentColor;
				CODE_SIGN_STYLE = Automatic;
				INFOPLIST_FILE = "GitHub Pairs Test/Info.plist";
				LD_RUNPATH_SEARCH_PATHS = (
					"$(inherited)",
					"@executable_path/Frameworks",
				);
				PRODUCT_BUNDLE_IDENTIFIER = "Test.GitHub-Pairs-Test";
				PRODUCT_NAME = "$(TARGET_NAME)";
				SWIFT_VERSION = 5.0;
				TARGETED_DEVICE_FAMILY = "1,2";
			};
			name = Debug;
		};
		D3B8DF602651901E00032B28 /* Release */ = {
			isa = XCBuildConfiguration;
			buildSettings = {
				ASSETCATALOG_COMPILER_APPICON_NAME = AppIcon;
				ASSETCATALOG_COMPILER_GLOBAL_ACCENT_COLOR_NAME = AccentColor;
				CODE_SIGN_STYLE = Automatic;
				INFOPLIST_FILE = "GitHub Pairs Test/Info.plist";
				LD_RUNPATH_SEARCH_PATHS = (
					"$(inherited)",
					"@executable_path/Frameworks",
				);
				PRODUCT_BUNDLE_IDENTIFIER = "Test.GitHub-Pairs-Test";
				PRODUCT_NAME = "$(TARGET_NAME)";
				SWIFT_VERSION = 5.0;
				TARGETED_DEVICE_FAMILY = "1,2";
			};
			name = Release;
		};
		D3B8DF622651901E00032B28 /* Debug */ = {
			isa = XCBuildConfiguration;
			buildSettings = {
				ALWAYS_EMBED_SWIFT_STANDARD_LIBRARIES = YES;
				BUNDLE_LOADER = "$(TEST_HOST)";
				CODE_SIGN_STYLE = Automatic;
				INFOPLIST_FILE = "GitHub Pairs TestTests/Info.plist";
				IPHONEOS_DEPLOYMENT_TARGET = 14.5;
				LD_RUNPATH_SEARCH_PATHS = (
					"$(inherited)",
					"@executable_path/Frameworks",
					"@loader_path/Frameworks",
				);
				PRODUCT_BUNDLE_IDENTIFIER = "Test.GitHub-Pairs-TestTests";
				PRODUCT_NAME = "$(TARGET_NAME)";
				SWIFT_VERSION = 5.0;
				TARGETED_DEVICE_FAMILY = "1,2";
				TEST_HOST = "$(BUILT_PRODUCTS_DIR)/GitHub Pairs Test.app/GitHub Pairs Test";
			};
			name = Debug;
		};
		D3B8DF632651901E00032B28 /* Release */ = {
			isa = XCBuildConfiguration;
			buildSettings = {
				ALWAYS_EMBED_SWIFT_STANDARD_LIBRARIES = YES;
				BUNDLE_LOADER = "$(TEST_HOST)";
				CODE_SIGN_STYLE = Automatic;
				INFOPLIST_FILE = "GitHub Pairs TestTests/Info.plist";
				IPHONEOS_DEPLOYMENT_TARGET = 14.5;
				LD_RUNPATH_SEARCH_PATHS = (
					"$(inherited)",
					"@executable_path/Frameworks",
					"@loader_path/Frameworks",
				);
				PRODUCT_BUNDLE_IDENTIFIER = "Test.GitHub-Pairs-TestTests";
				PRODUCT_NAME = "$(TARGET_NAME)";
				SWIFT_VERSION = 5.0;
				TARGETED_DEVICE_FAMILY = "1,2";
				TEST_HOST = "$(BUILT_PRODUCTS_DIR)/GitHub Pairs Test.app/GitHub Pairs Test";
			};
			name = Release;
		};
		D3B8DF652651901E00032B28 /* Debug */ = {
			isa = XCBuildConfiguration;
			buildSettings = {
				ALWAYS_EMBED_SWIFT_STANDARD_LIBRARIES = YES;
				CODE_SIGN_STYLE = Automatic;
				INFOPLIST_FILE = "GitHub Pairs TestUITests/Info.plist";
				LD_RUNPATH_SEARCH_PATHS = (
					"$(inherited)",
					"@executable_path/Frameworks",
					"@loader_path/Frameworks",
				);
				PRODUCT_BUNDLE_IDENTIFIER = "Test.GitHub-Pairs-TestUITests";
				PRODUCT_NAME = "$(TARGET_NAME)";
				SWIFT_VERSION = 5.0;
				TARGETED_DEVICE_FAMILY = "1,2";
				TEST_TARGET_NAME = "GitHub Pairs Test";
			};
			name = Debug;
		};
		D3B8DF662651901E00032B28 /* Release */ = {
			isa = XCBuildConfiguration;
			buildSettings = {
				ALWAYS_EMBED_SWIFT_STANDARD_LIBRARIES = YES;
				CODE_SIGN_STYLE = Automatic;
				INFOPLIST_FILE = "GitHub Pairs TestUITests/Info.plist";
				LD_RUNPATH_SEARCH_PATHS = (
					"$(inherited)",
					"@executable_path/Frameworks",
					"@loader_path/Frameworks",
				);
				PRODUCT_BUNDLE_IDENTIFIER = "Test.GitHub-Pairs-TestUITests";
				PRODUCT_NAME = "$(TARGET_NAME)";
				SWIFT_VERSION = 5.0;
				TARGETED_DEVICE_FAMILY = "1,2";
				TEST_TARGET_NAME = "GitHub Pairs Test";
			};
			name = Release;
		};
/* End XCBuildConfiguration section */

/* Begin XCConfigurationList section */
		D3B8DF2C2651901D00032B28 /* Build configuration list for PBXProject "GitHub Pairs Test" */ = {
			isa = XCConfigurationList;
			buildConfigurations = (
				D3B8DF5C2651901E00032B28 /* Debug */,
				D3B8DF5D2651901E00032B28 /* Release */,
			);
			defaultConfigurationIsVisible = 0;
			defaultConfigurationName = Release;
		};
		D3B8DF5E2651901E00032B28 /* Build configuration list for PBXNativeTarget "GitHub Pairs Test" */ = {
			isa = XCConfigurationList;
			buildConfigurations = (
				D3B8DF5F2651901E00032B28 /* Debug */,
				D3B8DF602651901E00032B28 /* Release */,
			);
			defaultConfigurationIsVisible = 0;
			defaultConfigurationName = Release;
		};
		D3B8DF612651901E00032B28 /* Build configuration list for PBXNativeTarget "GitHub Pairs TestTests" */ = {
			isa = XCConfigurationList;
			buildConfigurations = (
				D3B8DF622651901E00032B28 /* Debug */,
				D3B8DF632651901E00032B28 /* Release */,
			);
			defaultConfigurationIsVisible = 0;
			defaultConfigurationName = Release;
		};
		D3B8DF642651901E00032B28 /* Build configuration list for PBXNativeTarget "GitHub Pairs TestUITests" */ = {
			isa = XCConfigurationList;
			buildConfigurations = (
				D3B8DF652651901E00032B28 /* Debug */,
				D3B8DF662651901E00032B28 /* Release */,
			);
			defaultConfigurationIsVisible = 0;
			defaultConfigurationName = Release;
		};
/* End XCConfigurationList section */

/* Begin XCVersionGroup section */
		D3B8DF3D2651901D00032B28 /* GitHub_Pairs_Test.xcdatamodeld */ = {
			isa = XCVersionGroup;
			children = (
				D3B8DF3E2651901D00032B28 /* GitHub_Pairs_Test.xcdatamodel */,
			);
			currentVersion = D3B8DF3E2651901D00032B28 /* GitHub_Pairs_Test.xcdatamodel */;
			path = GitHub_Pairs_Test.xcdatamodeld;
			sourceTree = "<group>";
			versionGroupType = wrapper.xcdatamodel;
		};
/* End XCVersionGroup section */
	};
	rootObject = D3B8DF292651901D00032B28 /* Project object */;
}
